// !$*UTF8*$!
{
	archiveVersion = 1;
	classes = {
	};
	objectVersion = 46;
	objects = {

/* Begin PBXBuildFile section */
		5CB107181DBEBE8600130ABD /* AppDelegate.swift in Sources */ = {isa = PBXBuildFile; fileRef = 5CB107171DBEBE8600130ABD /* AppDelegate.swift */; };
		5CB1071A1DBEBE8600130ABD /* ViewController.swift in Sources */ = {isa = PBXBuildFile; fileRef = 5CB107191DBEBE8600130ABD /* ViewController.swift */; };
		5CB1071D1DBEBE8600130ABD /* Main.storyboard in Resources */ = {isa = PBXBuildFile; fileRef = 5CB1071B1DBEBE8600130ABD /* Main.storyboard */; };
		5CB1071F1DBEBE8600130ABD /* Assets.xcassets in Resources */ = {isa = PBXBuildFile; fileRef = 5CB1071E1DBEBE8600130ABD /* Assets.xcassets */; };
		5CB107221DBEBE8600130ABD /* LaunchScreen.storyboard in Resources */ = {isa = PBXBuildFile; fileRef = 5CB107201DBEBE8600130ABD /* LaunchScreen.storyboard */; };
		5CB1072D1DBEBE8700130ABD /* SaveTheKittensTests.swift in Sources */ = {isa = PBXBuildFile; fileRef = 5CB1072C1DBEBE8700130ABD /* SaveTheKittensTests.swift */; };
		5CB107381DBEBE8700130ABD /* SaveTheKittensUITests.swift in Sources */ = {isa = PBXBuildFile; fileRef = 5CB107371DBEBE8700130ABD /* SaveTheKittensUITests.swift */; };
/* End PBXBuildFile section */

/* Begin PBXContainerItemProxy section */
		5CB107291DBEBE8700130ABD /* PBXContainerItemProxy */ = {
			isa = PBXContainerItemProxy;
			containerPortal = 5CB1070C1DBEBE8600130ABD /* Project object */;
			proxyType = 1;
			remoteGlobalIDString = 5CB107131DBEBE8600130ABD;
			remoteInfo = SaveTheKittens;
		};
		5CB107341DBEBE8700130ABD /* PBXContainerItemProxy */ = {
			isa = PBXContainerItemProxy;
			containerPortal = 5CB1070C1DBEBE8600130ABD /* Project object */;
			proxyType = 1;
			remoteGlobalIDString = 5CB107131DBEBE8600130ABD;
			remoteInfo = SaveTheKittens;
		};
/* End PBXContainerItemProxy section */

/* Begin PBXFileReference section */
		5CB107141DBEBE8600130ABD /* SaveTheKittens.app */ = {isa = PBXFileReference; explicitFileType = wrapper.application; includeInIndex = 0; path = SaveTheKittens.app; sourceTree = BUILT_PRODUCTS_DIR; };
		5CB107171DBEBE8600130ABD /* AppDelegate.swift */ = {isa = PBXFileReference; lastKnownFileType = sourcecode.swift; path = AppDelegate.swift; sourceTree = "<group>"; };
		5CB107191DBEBE8600130ABD /* ViewController.swift */ = {isa = PBXFileReference; lastKnownFileType = sourcecode.swift; path = ViewController.swift; sourceTree = "<group>"; };
		5CB1071C1DBEBE8600130ABD /* Base */ = {isa = PBXFileReference; lastKnownFileType = file.storyboard; name = Base; path = Base.lproj/Main.storyboard; sourceTree = "<group>"; };
		5CB1071E1DBEBE8600130ABD /* Assets.xcassets */ = {isa = PBXFileReference; lastKnownFileType = folder.assetcatalog; path = Assets.xcassets; sourceTree = "<group>"; };
		5CB107211DBEBE8600130ABD /* Base */ = {isa = PBXFileReference; lastKnownFileType = file.storyboard; name = Base; path = Base.lproj/LaunchScreen.storyboard; sourceTree = "<group>"; };
		5CB107231DBEBE8600130ABD /* Info.plist */ = {isa = PBXFileReference; lastKnownFileType = text.plist.xml; path = Info.plist; sourceTree = "<group>"; };
		5CB107281DBEBE8700130ABD /* SaveTheKittensTests.xctest */ = {isa = PBXFileReference; explicitFileType = wrapper.cfbundle; includeInIndex = 0; path = SaveTheKittensTests.xctest; sourceTree = BUILT_PRODUCTS_DIR; };
		5CB1072C1DBEBE8700130ABD /* SaveTheKittensTests.swift */ = {isa = PBXFileReference; lastKnownFileType = sourcecode.swift; path = SaveTheKittensTests.swift; sourceTree = "<group>"; };
		5CB1072E1DBEBE8700130ABD /* Info.plist */ = {isa = PBXFileReference; lastKnownFileType = text.plist.xml; path = Info.plist; sourceTree = "<group>"; };
		5CB107331DBEBE8700130ABD /* SaveTheKittensUITests.xctest */ = {isa = PBXFileReference; explicitFileType = wrapper.cfbundle; includeInIndex = 0; path = SaveTheKittensUITests.xctest; sourceTree = BUILT_PRODUCTS_DIR; };
		5CB107371DBEBE8700130ABD /* SaveTheKittensUITests.swift */ = {isa = PBXFileReference; lastKnownFileType = sourcecode.swift; path = SaveTheKittensUITests.swift; sourceTree = "<group>"; };
		5CB107391DBEBE8700130ABD /* Info.plist */ = {isa = PBXFileReference; lastKnownFileType = text.plist.xml; path = Info.plist; sourceTree = "<group>"; };
/* End PBXFileReference section */

/* Begin PBXFrameworksBuildPhase section */
		5CB107111DBEBE8600130ABD /* Frameworks */ = {
			isa = PBXFrameworksBuildPhase;
			buildActionMask = 2147483647;
			files = (
			);
			runOnlyForDeploymentPostprocessing = 0;
		};
		5CB107251DBEBE8600130ABD /* Frameworks */ = {
			isa = PBXFrameworksBuildPhase;
			buildActionMask = 2147483647;
			files = (
			);
			runOnlyForDeploymentPostprocessing = 0;
		};
		5CB107301DBEBE8700130ABD /* Frameworks */ = {
			isa = PBXFrameworksBuildPhase;
			buildActionMask = 2147483647;
			files = (
			);
			runOnlyForDeploymentPostprocessing = 0;
		};
/* End PBXFrameworksBuildPhase section */

/* Begin PBXGroup section */
		5CB1070B1DBEBE8600130ABD = {
			isa = PBXGroup;
			children = (
				5CB107161DBEBE8600130ABD /* SaveTheKittens */,
				5CB1072B1DBEBE8700130ABD /* SaveTheKittensTests */,
				5CB107361DBEBE8700130ABD /* SaveTheKittensUITests */,
				5CB107151DBEBE8600130ABD /* Products */,
			);
			sourceTree = "<group>";
		};
		5CB107151DBEBE8600130ABD /* Products */ = {
			isa = PBXGroup;
			children = (
				5CB107141DBEBE8600130ABD /* SaveTheKittens.app */,
				5CB107281DBEBE8700130ABD /* SaveTheKittensTests.xctest */,
				5CB107331DBEBE8700130ABD /* SaveTheKittensUITests.xctest */,
			);
			name = Products;
			sourceTree = "<group>";
		};
		5CB107161DBEBE8600130ABD /* SaveTheKittens */ = {
			isa = PBXGroup;
			children = (
				5CB107171DBEBE8600130ABD /* AppDelegate.swift */,
				5CB107191DBEBE8600130ABD /* ViewController.swift */,
				5CB1071B1DBEBE8600130ABD /* Main.storyboard */,
				5CB1071E1DBEBE8600130ABD /* Assets.xcassets */,
				5CB107201DBEBE8600130ABD /* LaunchScreen.storyboard */,
				5CB107231DBEBE8600130ABD /* Info.plist */,
			);
			path = SaveTheKittens;
			sourceTree = "<group>";
		};
		5CB1072B1DBEBE8700130ABD /* SaveTheKittensTests */ = {
			isa = PBXGroup;
			children = (
				5CB1072C1DBEBE8700130ABD /* SaveTheKittensTests.swift */,
				5CB1072E1DBEBE8700130ABD /* Info.plist */,
			);
			path = SaveTheKittensTests;
			sourceTree = "<group>";
		};
		5CB107361DBEBE8700130ABD /* SaveTheKittensUITests */ = {
			isa = PBXGroup;
			children = (
				5CB107371DBEBE8700130ABD /* SaveTheKittensUITests.swift */,
				5CB107391DBEBE8700130ABD /* Info.plist */,
			);
			path = SaveTheKittensUITests;
			sourceTree = "<group>";
		};
/* End PBXGroup section */

/* Begin PBXNativeTarget section */
		5CB107131DBEBE8600130ABD /* SaveTheKittens */ = {
			isa = PBXNativeTarget;
			buildConfigurationList = 5CB1073C1DBEBE8700130ABD /* Build configuration list for PBXNativeTarget "SaveTheKittens" */;
			buildPhases = (
				5CB107101DBEBE8600130ABD /* Sources */,
				5CB107111DBEBE8600130ABD /* Frameworks */,
				5CB107121DBEBE8600130ABD /* Resources */,
			);
			buildRules = (
			);
			dependencies = (
			);
			name = SaveTheKittens;
			productName = SaveTheKittens;
			productReference = 5CB107141DBEBE8600130ABD /* SaveTheKittens.app */;
			productType = "com.apple.product-type.application";
		};
		5CB107271DBEBE8600130ABD /* SaveTheKittensTests */ = {
			isa = PBXNativeTarget;
			buildConfigurationList = 5CB1073F1DBEBE8700130ABD /* Build configuration list for PBXNativeTarget "SaveTheKittensTests" */;
			buildPhases = (
				5CB107241DBEBE8600130ABD /* Sources */,
				5CB107251DBEBE8600130ABD /* Frameworks */,
				5CB107261DBEBE8600130ABD /* Resources */,
			);
			buildRules = (
			);
			dependencies = (
				5CB1072A1DBEBE8700130ABD /* PBXTargetDependency */,
			);
			name = SaveTheKittensTests;
			productName = SaveTheKittensTests;
			productReference = 5CB107281DBEBE8700130ABD /* SaveTheKittensTests.xctest */;
			productType = "com.apple.product-type.bundle.unit-test";
		};
		5CB107321DBEBE8700130ABD /* SaveTheKittensUITests */ = {
			isa = PBXNativeTarget;
			buildConfigurationList = 5CB107421DBEBE8700130ABD /* Build configuration list for PBXNativeTarget "SaveTheKittensUITests" */;
			buildPhases = (
				5CB1072F1DBEBE8700130ABD /* Sources */,
				5CB107301DBEBE8700130ABD /* Frameworks */,
				5CB107311DBEBE8700130ABD /* Resources */,
			);
			buildRules = (
			);
			dependencies = (
				5CB107351DBEBE8700130ABD /* PBXTargetDependency */,
			);
			name = SaveTheKittensUITests;
			productName = SaveTheKittensUITests;
			productReference = 5CB107331DBEBE8700130ABD /* SaveTheKittensUITests.xctest */;
			productType = "com.apple.product-type.bundle.ui-testing";
		};
/* End PBXNativeTarget section */

/* Begin PBXProject section */
		5CB1070C1DBEBE8600130ABD /* Project object */ = {
			isa = PBXProject;
			attributes = {
				LastSwiftUpdateCheck = 0800;
				LastUpgradeCheck = 0800;
				ORGANIZATIONNAME = "Rainier Woodworking";
				TargetAttributes = {
					5CB107131DBEBE8600130ABD = {
						CreatedOnToolsVersion = 8.0;
						ProvisioningStyle = Automatic;
					};
					5CB107271DBEBE8600130ABD = {
						CreatedOnToolsVersion = 8.0;
						ProvisioningStyle = Automatic;
						TestTargetID = 5CB107131DBEBE8600130ABD;
					};
					5CB107321DBEBE8700130ABD = {
						CreatedOnToolsVersion = 8.0;
						ProvisioningStyle = Automatic;
						TestTargetID = 5CB107131DBEBE8600130ABD;
					};
				};
			};
			buildConfigurationList = 5CB1070F1DBEBE8600130ABD /* Build configuration list for PBXProject "SaveTheKittens" */;
			compatibilityVersion = "Xcode 3.2";
			developmentRegion = English;
			hasScannedForEncodings = 0;
			knownRegions = (
				en,
				Base,
			);
			mainGroup = 5CB1070B1DBEBE8600130ABD;
			productRefGroup = 5CB107151DBEBE8600130ABD /* Products */;
			projectDirPath = "";
			projectRoot = "";
			targets = (
				5CB107131DBEBE8600130ABD /* SaveTheKittens */,
				5CB107271DBEBE8600130ABD /* SaveTheKittensTests */,
				5CB107321DBEBE8700130ABD /* SaveTheKittensUITests */,
			);
		};
/* End PBXProject section */

/* Begin PBXResourcesBuildPhase section */
		5CB107121DBEBE8600130ABD /* Resources */ = {
			isa = PBXResourcesBuildPhase;
			buildActionMask = 2147483647;
			files = (
				5CB107221DBEBE8600130ABD /* LaunchScreen.storyboard in Resources */,
				5CB1071F1DBEBE8600130ABD /* Assets.xcassets in Resources */,
				5CB1071D1DBEBE8600130ABD /* Main.storyboard in Resources */,
			);
			runOnlyForDeploymentPostprocessing = 0;
		};
		5CB107261DBEBE8600130ABD /* Resources */ = {
			isa = PBXResourcesBuildPhase;
			buildActionMask = 2147483647;
			files = (
			);
			runOnlyForDeploymentPostprocessing = 0;
		};
		5CB107311DBEBE8700130ABD /* Resources */ = {
			isa = PBXResourcesBuildPhase;
			buildActionMask = 2147483647;
			files = (
			);
			runOnlyForDeploymentPostprocessing = 0;
		};
/* End PBXResourcesBuildPhase section */

/* Begin PBXSourcesBuildPhase section */
		5CB107101DBEBE8600130ABD /* Sources */ = {
			isa = PBXSourcesBuildPhase;
			buildActionMask = 2147483647;
			files = (
				5CB1071A1DBEBE8600130ABD /* ViewController.swift in Sources */,
				5CB107181DBEBE8600130ABD /* AppDelegate.swift in Sources */,
			);
			runOnlyForDeploymentPostprocessing = 0;
		};
		5CB107241DBEBE8600130ABD /* Sources */ = {
			isa = PBXSourcesBuildPhase;
			buildActionMask = 2147483647;
			files = (
				5CB1072D1DBEBE8700130ABD /* SaveTheKittensTests.swift in Sources */,
			);
			runOnlyForDeploymentPostprocessing = 0;
		};
		5CB1072F1DBEBE8700130ABD /* Sources */ = {
			isa = PBXSourcesBuildPhase;
			buildActionMask = 2147483647;
			files = (
				5CB107381DBEBE8700130ABD /* SaveTheKittensUITests.swift in Sources */,
			);
			runOnlyForDeploymentPostprocessing = 0;
		};
/* End PBXSourcesBuildPhase section */

/* Begin PBXTargetDependency section */
		5CB1072A1DBEBE8700130ABD /* PBXTargetDependency */ = {
			isa = PBXTargetDependency;
			target = 5CB107131DBEBE8600130ABD /* SaveTheKittens */;
			targetProxy = 5CB107291DBEBE8700130ABD /* PBXContainerItemProxy */;
		};
		5CB107351DBEBE8700130ABD /* PBXTargetDependency */ = {
			isa = PBXTargetDependency;
			target = 5CB107131DBEBE8600130ABD /* SaveTheKittens */;
			targetProxy = 5CB107341DBEBE8700130ABD /* PBXContainerItemProxy */;
		};
/* End PBXTargetDependency section */

/* Begin PBXVariantGroup section */
		5CB1071B1DBEBE8600130ABD /* Main.storyboard */ = {
			isa = PBXVariantGroup;
			children = (
				5CB1071C1DBEBE8600130ABD /* Base */,
			);
			name = Main.storyboard;
			sourceTree = "<group>";
		};
		5CB107201DBEBE8600130ABD /* LaunchScreen.storyboard */ = {
			isa = PBXVariantGroup;
			children = (
				5CB107211DBEBE8600130ABD /* Base */,
			);
			name = LaunchScreen.storyboard;
			sourceTree = "<group>";
		};
/* End PBXVariantGroup section */

/* Begin XCBuildConfiguration section */
		5CB1073A1DBEBE8700130ABD /* Debug */ = {
			isa = XCBuildConfiguration;
			buildSettings = {
				ALWAYS_SEARCH_USER_PATHS = NO;
				CLANG_ANALYZER_NONNULL = YES;
				CLANG_CXX_LANGUAGE_STANDARD = "gnu++0x";
				CLANG_CXX_LIBRARY = "libc++";
				CLANG_ENABLE_MODULES = YES;
				CLANG_ENABLE_OBJC_ARC = YES;
				CLANG_WARN_BOOL_CONVERSION = YES;
				CLANG_WARN_CONSTANT_CONVERSION = YES;
				CLANG_WARN_DIRECT_OBJC_ISA_USAGE = YES_ERROR;
				CLANG_WARN_DOCUMENTATION_COMMENTS = YES;
				CLANG_WARN_EMPTY_BODY = YES;
				CLANG_WARN_ENUM_CONVERSION = YES;
				CLANG_WARN_INFINITE_RECURSION = YES;
				CLANG_WARN_INT_CONVERSION = YES;
				CLANG_WARN_OBJC_ROOT_CLASS = YES_ERROR;
				CLANG_WARN_SUSPICIOUS_MOVES = YES;
				CLANG_WARN_UNREACHABLE_CODE = YES;
				CLANG_WARN__DUPLICATE_METHOD_MATCH = YES;
				"CODE_SIGN_IDENTITY[sdk=iphoneos*]" = "iPhone Developer";
				COPY_PHASE_STRIP = NO;
				DEBUG_INFORMATION_FORMAT = dwarf;
				ENABLE_STRICT_OBJC_MSGSEND = YES;
				ENABLE_TESTABILITY = YES;
				GCC_C_LANGUAGE_STANDARD = gnu99;
				GCC_DYNAMIC_NO_PIC = NO;
				GCC_NO_COMMON_BLOCKS = YES;
				GCC_OPTIMIZATION_LEVEL = 0;
				GCC_PREPROCESSOR_DEFINITIONS = (
					"DEBUG=1",
					"$(inherited)",
				);
				GCC_WARN_64_TO_32_BIT_CONVERSION = YES;
				GCC_WARN_ABOUT_RETURN_TYPE = YES_ERROR;
				GCC_WARN_UNDECLARED_SELECTOR = YES;
				GCC_WARN_UNINITIALIZED_AUTOS = YES_AGGRESSIVE;
				GCC_WARN_UNUSED_FUNCTION = YES;
				GCC_WARN_UNUSED_VARIABLE = YES;
				IPHONEOS_DEPLOYMENT_TARGET = 10.0;
				MTL_ENABLE_DEBUG_INFO = YES;
				ONLY_ACTIVE_ARCH = YES;
				SDKROOT = iphoneos;
				SWIFT_ACTIVE_COMPILATION_CONDITIONS = DEBUG;
				SWIFT_OPTIMIZATION_LEVEL = "-Onone";
				TARGETED_DEVICE_FAMILY = "1,2";
			};
			name = Debug;
		};
		5CB1073B1DBEBE8700130ABD /* Release */ = {
			isa = XCBuildConfiguration;
			buildSettings = {
				ALWAYS_SEARCH_USER_PATHS = NO;
				CLANG_ANALYZER_NONNULL = YES;
				CLANG_CXX_LANGUAGE_STANDARD = "gnu++0x";
				CLANG_CXX_LIBRARY = "libc++";
				CLANG_ENABLE_MODULES = YES;
				CLANG_ENABLE_OBJC_ARC = YES;
				CLANG_WARN_BOOL_CONVERSION = YES;
				CLANG_WARN_CONSTANT_CONVERSION = YES;
				CLANG_WARN_DIRECT_OBJC_ISA_USAGE = YES_ERROR;
				CLANG_WARN_DOCUMENTATION_COMMENTS = YES;
				CLANG_WARN_EMPTY_BODY = YES;
				CLANG_WARN_ENUM_CONVERSION = YES;
				CLANG_WARN_INFINITE_RECURSION = YES;
				CLANG_WARN_INT_CONVERSION = YES;
				CLANG_WARN_OBJC_ROOT_CLASS = YES_ERROR;
				CLANG_WARN_SUSPICIOUS_MOVES = YES;
				CLANG_WARN_UNREACHABLE_CODE = YES;
				CLANG_WARN__DUPLICATE_METHOD_MATCH = YES;
				"CODE_SIGN_IDENTITY[sdk=iphoneos*]" = "iPhone Developer";
				COPY_PHASE_STRIP = NO;
				DEBUG_INFORMATION_FORMAT = "dwarf-with-dsym";
				ENABLE_NS_ASSERTIONS = NO;
				ENABLE_STRICT_OBJC_MSGSEND = YES;
				GCC_C_LANGUAGE_STANDARD = gnu99;
				GCC_NO_COMMON_BLOCKS = YES;
				GCC_WARN_64_TO_32_BIT_CONVERSION = YES;
				GCC_WARN_ABOUT_RETURN_TYPE = YES_ERROR;
				GCC_WARN_UNDECLARED_SELECTOR = YES;
				GCC_WARN_UNINITIALIZED_AUTOS = YES_AGGRESSIVE;
				GCC_WARN_UNUSED_FUNCTION = YES;
				GCC_WARN_UNUSED_VARIABLE = YES;
				IPHONEOS_DEPLOYMENT_TARGET = 10.0;
				MTL_ENABLE_DEBUG_INFO = NO;
				SDKROOT = iphoneos;
				SWIFT_OPTIMIZATION_LEVEL = "-Owholemodule";
				TARGETED_DEVICE_FAMILY = "1,2";
				VALIDATE_PRODUCT = YES;
			};
			name = Release;
		};
		5CB1073D1DBEBE8700130ABD /* Debug */ = {
			isa = XCBuildConfiguration;
			buildSettings = {
				ASSETCATALOG_COMPILER_APPICON_NAME = AppIcon;
				INFOPLIST_FILE = SaveTheKittens/Info.plist;
				LD_RUNPATH_SEARCH_PATHS = "$(inherited) @executable_path/Frameworks";
				PRODUCT_BUNDLE_IDENTIFIER = Rainier.SaveTheKittens;
				PRODUCT_NAME = "$(TARGET_NAME)";
				SWIFT_VERSION = 3.0;
			};
			name = Debug;
		};
		5CB1073E1DBEBE8700130ABD /* Release */ = {
			isa = XCBuildConfiguration;
			buildSettings = {
				ASSETCATALOG_COMPILER_APPICON_NAME = AppIcon;
				INFOPLIST_FILE = SaveTheKittens/Info.plist;
				LD_RUNPATH_SEARCH_PATHS = "$(inherited) @executable_path/Frameworks";
				PRODUCT_BUNDLE_IDENTIFIER = Rainier.SaveTheKittens;
				PRODUCT_NAME = "$(TARGET_NAME)";
				SWIFT_VERSION = 3.0;
			};
			name = Release;
		};
		5CB107401DBEBE8700130ABD /* Debug */ = {
			isa = XCBuildConfiguration;
			buildSettings = {
				ALWAYS_EMBED_SWIFT_STANDARD_LIBRARIES = YES;
				BUNDLE_LOADER = "$(TEST_HOST)";
				INFOPLIST_FILE = SaveTheKittensTests/Info.plist;
				LD_RUNPATH_SEARCH_PATHS = "$(inherited) @executable_path/Frameworks @loader_path/Frameworks";
				PRODUCT_BUNDLE_IDENTIFIER = Rainier.SaveTheKittensTests;
				PRODUCT_NAME = "$(TARGET_NAME)";
				SWIFT_VERSION = 3.0;
				TEST_HOST = "$(BUILT_PRODUCTS_DIR)/SaveTheKittens.app/SaveTheKittens";
			};
			name = Debug;
		};
		5CB107411DBEBE8700130ABD /* Release */ = {
			isa = XCBuildConfiguration;
			buildSettings = {
				ALWAYS_EMBED_SWIFT_STANDARD_LIBRARIES = YES;
				BUNDLE_LOADER = "$(TEST_HOST)";
				INFOPLIST_FILE = SaveTheKittensTests/Info.plist;
				LD_RUNPATH_SEARCH_PATHS = "$(inherited) @executable_path/Frameworks @loader_path/Frameworks";
				PRODUCT_BUNDLE_IDENTIFIER = Rainier.SaveTheKittensTests;
				PRODUCT_NAME = "$(TARGET_NAME)";
				SWIFT_VERSION = 3.0;
				TEST_HOST = "$(BUILT_PRODUCTS_DIR)/SaveTheKittens.app/SaveTheKittens";
			};
			name = Release;
		};
		5CB107431DBEBE8700130ABD /* Debug */ = {
			isa = XCBuildConfiguration;
			buildSettings = {
				ALWAYS_EMBED_SWIFT_STANDARD_LIBRARIES = YES;
				INFOPLIST_FILE = SaveTheKittensUITests/Info.plist;
				LD_RUNPATH_SEARCH_PATHS = "$(inherited) @executable_path/Frameworks @loader_path/Frameworks";
				PRODUCT_BUNDLE_IDENTIFIER = Rainier.SaveTheKittensUITests;
				PRODUCT_NAME = "$(TARGET_NAME)";
				SWIFT_VERSION = 3.0;
				TEST_TARGET_NAME = SaveTheKittens;
			};
			name = Debug;
		};
		5CB107441DBEBE8700130ABD /* Release */ = {
			isa = XCBuildConfiguration;
			buildSettings = {
				ALWAYS_EMBED_SWIFT_STANDARD_LIBRARIES = YES;
				INFOPLIST_FILE = SaveTheKittensUITests/Info.plist;
				LD_RUNPATH_SEARCH_PATHS = "$(inherited) @executable_path/Frameworks @loader_path/Frameworks";
				PRODUCT_BUNDLE_IDENTIFIER = Rainier.SaveTheKittensUITests;
				PRODUCT_NAME = "$(TARGET_NAME)";
				SWIFT_VERSION = 3.0;
				TEST_TARGET_NAME = SaveTheKittens;
			};
			name = Release;
		};
/* End XCBuildConfiguration section */

/* Begin XCConfigurationList section */
		5CB1070F1DBEBE8600130ABD /* Build configuration list for PBXProject "SaveTheKittens" */ = {
			isa = XCConfigurationList;
			buildConfigurations = (
				5CB1073A1DBEBE8700130ABD /* Debug */,
				5CB1073B1DBEBE8700130ABD /* Release */,
			);
			defaultConfigurationIsVisible = 0;
			defaultConfigurationName = Release;
		};
		5CB1073C1DBEBE8700130ABD /* Build configuration list for PBXNativeTarget "SaveTheKittens" */ = {
			isa = XCConfigurationList;
			buildConfigurations = (
				5CB1073D1DBEBE8700130ABD /* Debug */,
				5CB1073E1DBEBE8700130ABD /* Release */,
			);
			defaultConfigurationIsVisible = 0;
		};
		5CB1073F1DBEBE8700130ABD /* Build configuration list for PBXNativeTarget "SaveTheKittensTests" */ = {
			isa = XCConfigurationList;
			buildConfigurations = (
				5CB107401DBEBE8700130ABD /* Debug */,
				5CB107411DBEBE8700130ABD /* Release */,
			);
			defaultConfigurationIsVisible = 0;
		};
		5CB107421DBEBE8700130ABD /* Build configuration list for PBXNativeTarget "SaveTheKittensUITests" */ = {
			isa = XCConfigurationList;
			buildConfigurations = (
				5CB107431DBEBE8700130ABD /* Debug */,
				5CB107441DBEBE8700130ABD /* Release */,
			);
			defaultConfigurationIsVisible = 0;
		};
/* End XCConfigurationList section */
	};
	rootObject = 5CB1070C1DBEBE8600130ABD /* Project object */;
}
